
Microsoft Visual Studio Solution File, Format Version 12.00
# Visual Studio Version 17
VisualStudioVersion = 17.0.31903.59
MinimumVisualStudioVersion = 10.0.40219.1
Project("{9A19103F-16F7-4668-BE54-9A1E7A4F7556}") = "airbnb.API", "airbnb.API\airbnb.API.csproj", "{45AE9518-49D0-40A3-BC47-C8F8178AF4F5}"
EndProject
Project("{9A19103F-16F7-4668-BE54-9A1E7A4F7556}") = "airbnb.Application", "airbnb.Application\airbnb.Application.csproj", "{36D7591B-429B-409A-8B64-0D7A7948AB0E}"
EndProject
Project("{9A19103F-16F7-4668-BE54-9A1E7A4F7556}") = "airbnb.Contracts", "airbnb.Contracts\airbnb.Contracts.csproj", "{1B721CF6-96C6-464C-80BE-6ABC7C46EC96}"
EndProject
Project("{9A19103F-16F7-4668-BE54-9A1E7A4F7556}") = "airbnb.Domain", "airbnb.Domain\airbnb.Domain.csproj", "{1A99661C-9881-465C-A843-F4C9044D1D92}"
EndProject
Project("{9A19103F-16F7-4668-BE54-9A1E7A4F7556}") = "airbnb.Infrastructure", "airbnb.Infrastructure\airbnb.Infrastructure.csproj", "{B56E63D9-C6F3-46FA-8FFD-DF6D23611A8C}"
EndProject
Project("{FAE04EC0-301F-11D3-BF4B-00C04F79EFBC}") = "airbnb.Tests", "airbnb.Tests\airbnb.Tests.csproj", "{635C0A0C-96AE-4490-899F-5606B57AA756}"
EndProject
Global
	GlobalSection(SolutionConfigurationPlatforms) = preSolution
		Debug|Any CPU = Debug|Any CPU
		Release|Any CPU = Release|Any CPU
	EndGlobalSection
	GlobalSection(ProjectConfigurationPlatforms) = postSolution
		{45AE9518-49D0-40A3-BC47-C8F8178AF4F5}.Debug|Any CPU.ActiveCfg = Debug|Any CPU
		{45AE9518-49D0-40A3-BC47-C8F8178AF4F5}.Debug|Any CPU.Build.0 = Debug|Any CPU
		{45AE9518-49D0-40A3-BC47-C8F8178AF4F5}.Release|Any CPU.ActiveCfg = Release|Any CPU
		{45AE9518-49D0-40A3-BC47-C8F8178AF4F5}.Release|Any CPU.Build.0 = Release|Any CPU
		{36D7591B-429B-409A-8B64-0D7A7948AB0E}.Debug|Any CPU.ActiveCfg = Debug|Any CPU
		{36D7591B-429B-409A-8B64-0D7A7948AB0E}.Debug|Any CPU.Build.0 = Debug|Any CPU
		{36D7591B-429B-409A-8B64-0D7A7948AB0E}.Release|Any CPU.ActiveCfg = Release|Any CPU
		{36D7591B-429B-409A-8B64-0D7A7948AB0E}.Release|Any CPU.Build.0 = Release|Any CPU
		{1B721CF6-96C6-464C-80BE-6ABC7C46EC96}.Debug|Any CPU.ActiveCfg = Debug|Any CPU
		{1B721CF6-96C6-464C-80BE-6ABC7C46EC96}.Debug|Any CPU.Build.0 = Debug|Any CPU
		{1B721CF6-96C6-464C-80BE-6ABC7C46EC96}.Release|Any CPU.ActiveCfg = Release|Any CPU
		{1B721CF6-96C6-464C-80BE-6ABC7C46EC96}.Release|Any CPU.Build.0 = Release|Any CPU
		{1A99661C-9881-465C-A843-F4C9044D1D92}.Debug|Any CPU.ActiveCfg = Debug|Any CPU
		{1A99661C-9881-465C-A843-F4C9044D1D92}.Debug|Any CPU.Build.0 = Debug|Any CPU
		{1A99661C-9881-465C-A843-F4C9044D1D92}.Release|Any CPU.ActiveCfg = Release|Any CPU
		{1A99661C-9881-465C-A843-F4C9044D1D92}.Release|Any CPU.Build.0 = Release|Any CPU
		{B56E63D9-C6F3-46FA-8FFD-DF6D23611A8C}.Debug|Any CPU.ActiveCfg = Debug|Any CPU
		{B56E63D9-C6F3-46FA-8FFD-DF6D23611A8C}.Debug|Any CPU.Build.0 = Debug|Any CPU
		{B56E63D9-C6F3-46FA-8FFD-DF6D23611A8C}.Release|Any CPU.ActiveCfg = Release|Any CPU
		{B56E63D9-C6F3-46FA-8FFD-DF6D23611A8C}.Release|Any CPU.Build.0 = Release|Any CPU
		{635C0A0C-96AE-4490-899F-5606B57AA756}.Debug|Any CPU.ActiveCfg = Debug|Any CPU
		{635C0A0C-96AE-4490-899F-5606B57AA756}.Debug|Any CPU.Build.0 = Debug|Any CPU
		{635C0A0C-96AE-4490-899F-5606B57AA756}.Release|Any CPU.ActiveCfg = Release|Any CPU
		{635C0A0C-96AE-4490-899F-5606B57AA756}.Release|Any CPU.Build.0 = Release|Any CPU
	EndGlobalSection
	GlobalSection(SolutionProperties) = preSolution
		HideSolutionNode = FALSE
	EndGlobalSection
	GlobalSection(ExtensibilityGlobals) = postSolution
		SolutionGuid = {595E2230-7136-413C-9681-72CC445A1BA6}
	EndGlobalSection
EndGlobal
